lockfileVersion: '6.0'

settings:
  autoInstallPeers: true
  excludeLinksFromLockfile: false

dependencies:
  elysia:
    specifier: ^0.8.17
    version: 0.8.17

devDependencies:
  '@types/bun':
    specifier: latest
    version: 1.0.6

packages:

  /@types/bun@1.0.6:
    resolution: {integrity: sha512-RtBfd9vxT4LmgKtENsJeM5j0Kwy+CyIEY8Z99oPdh5SZWjZAIEsNdSCeAO3q3GBiNWXjJ5IIJPjDQdwSeKiRFA==}
    dependencies:
      bun-types: 1.0.27
    dev: true

  /@types/node@20.11.19:
    resolution: {integrity: sha512-7xMnVEcZFu0DikYjWOlRq7NTPETrm7teqUT2WkQjrTIkEgUyyGdWsj/Zg8bEJt5TNklzbPD1X3fqfsHw3SpapQ==}
    dependencies:
      undici-types: 5.26.5
    dev: true

  /@types/ws@8.5.10:
    resolution: {integrity: sha512-vmQSUcfalpIq0R9q7uTo2lXs6eGIpt9wtnLdMv9LVpIjCA/+ufZRozlVoVelIYixx1ugCBKDhn89vnsEGOCx9A==}
    dependencies:
      '@types/node': 20.11.19
    dev: true

  /bun-types@1.0.27:
    resolution: {integrity: sha512-fwaJ3Ey6InD4nAkUd+AwzHDmxGdWWRy/SWh0QQEw7QF/ABnoqSv+iQrA5tIK4TyUyR/V9446G+w53+sOmJOJyA==}
    dependencies:
      '@types/node': 20.11.19
      '@types/ws': 8.5.10
    dev: true

  /cookie@0.6.0:
    resolution: {integrity: sha512-U71cyTamuh1CRNCfpGY6to28lxvNwPG4Guz/EVjgf3Jmzv0vlDp1atT9eS5dDjMYHucpHbWns6Lwf3BKz6svdw==}
    engines: {node: '>= 0.6'}
    dev: false

  /elysia@0.8.17:
    resolution: {integrity: sha512-hqKHKUxbvlDHnobudtna5nBoGiZ4oa0xdnhynLAJF3+6gTYHAcQ/8/IyxUx5Az5Uy0zTuNiv7m2bIFu7xeMiWg==}
    peerDependencies:
      '@sinclair/typebox': '>= 0.31.0'
      openapi-types: '>= 12.0.0'
      typescript: '>= 5.0.0'
    peerDependenciesMeta:
      '@sinclair/typebox':
        optional: true
      openapi-types:
        optional: true
      typescript:
        optional: true
    dependencies:
      cookie: 0.6.0
      eventemitter3: 5.0.1
      fast-decode-uri-component: 1.0.1
      fast-querystring: 1.1.2
      memoirist: 0.1.10
    dev: false

  /eventemitter3@5.0.1:
    resolution: {integrity: sha512-GWkBvjiSZK87ELrYOSESUYeVIc9mvLLf/nXalMOS5dYrgZq9o5OVkbZAVM06CVxYsCwH9BDZFPlQTlPA1j4ahA==}
    dev: false

  /fast-decode-uri-component@1.0.1:
    resolution: {integrity: sha512-WKgKWg5eUxvRZGwW8FvfbaH7AXSh2cL+3j5fMGzUMCxWBJ3dV3a7Wz8y2f/uQ0e3B6WmodD3oS54jTQ9HVTIIg==}
    dev: false

  /fast-querystring@1.1.2:
    resolution: {integrity: sha512-g6KuKWmFXc0fID8WWH0jit4g0AGBoJhCkJMb1RmbsSEUNvQ+ZC8D6CUZ+GtF8nMzSPXnhiePyyqqipzNNEnHjg==}
    dependencies:
      fast-decode-uri-component: 1.0.1
    dev: false

  /memoirist@0.1.10:
    resolution: {integrity: sha512-k2ARHDrSzqeQAWrgvE2NgNj7p5c1LkeFI1VizklJWDXAOTgq7m8mtl0v6W1mVawFNe3DH0hb4BdA91y3vwbqvw==}
    dev: false

  /undici-types@5.26.5:
    resolution: {integrity: sha512-JlCMO+ehdEIKqlFxk6IfVoAUVmgz7cU7zD/h9XZ0qzeosSHmUJVOzSQvvYSYWXkFXC+IfLKSIffhv0sVZup6pA==}
    dev: true
